// !$*UTF8*$!
{
	archiveVersion = 1;
	classes = {
	};
	objectVersion = 56;
	objects = {

/* Begin PBXBuildFile section */
		4105F7922A23D4A90044E287 /* ProfileView.swift in Sources */ = {isa = PBXBuildFile; fileRef = 4105F7912A23D4A90044E287 /* ProfileView.swift */; };
		4105F7952A23D60C0044E287 /* UserData.swift in Sources */ = {isa = PBXBuildFile; fileRef = 4105F7942A23D60C0044E287 /* UserData.swift */; };
		4105F7972A23DC470044E287 /* RecordsView.swift in Sources */ = {isa = PBXBuildFile; fileRef = 4105F7962A23DC470044E287 /* RecordsView.swift */; };
		41402F492A0014A200FA5630 /* pedometer_appApp.swift in Sources */ = {isa = PBXBuildFile; fileRef = 41402F482A0014A200FA5630 /* pedometer_appApp.swift */; };
		41402F4B2A0014A200FA5630 /* HomepageView.swift in Sources */ = {isa = PBXBuildFile; fileRef = 41402F4A2A0014A200FA5630 /* HomepageView.swift */; };
		41402F4D2A0014A400FA5630 /* Assets.xcassets in Resources */ = {isa = PBXBuildFile; fileRef = 41402F4C2A0014A400FA5630 /* Assets.xcassets */; };
		41402F502A0014A400FA5630 /* Preview Assets.xcassets in Resources */ = {isa = PBXBuildFile; fileRef = 41402F4F2A0014A400FA5630 /* Preview Assets.xcassets */; };
		41402F5A2A0014A400FA5630 /* pedometer_appTests.swift in Sources */ = {isa = PBXBuildFile; fileRef = 41402F592A0014A400FA5630 /* pedometer_appTests.swift */; };
		41402F642A0014A400FA5630 /* pedometer_appUITests.swift in Sources */ = {isa = PBXBuildFile; fileRef = 41402F632A0014A400FA5630 /* pedometer_appUITests.swift */; };
		41402F662A0014A400FA5630 /* pedometer_appUITestsLaunchTests.swift in Sources */ = {isa = PBXBuildFile; fileRef = 41402F652A0014A400FA5630 /* pedometer_appUITestsLaunchTests.swift */; };
		41402F7C2A00380600FA5630 /* LocationManager.swift in Sources */ = {isa = PBXBuildFile; fileRef = 41402F7B2A00380600FA5630 /* LocationManager.swift */; };
		414A708D2A08349000B60BE4 /* DistanceView.swift in Sources */ = {isa = PBXBuildFile; fileRef = 414A708C2A08349000B60BE4 /* DistanceView.swift */; };
		414A708F2A08390600B60BE4 /* ContentView.swift in Sources */ = {isa = PBXBuildFile; fileRef = 414A708E2A08390600B60BE4 /* ContentView.swift */; };
		414A70912A083A8100B60BE4 /* AppData.swift in Sources */ = {isa = PBXBuildFile; fileRef = 414A70902A083A8100B60BE4 /* AppData.swift */; };
		414A70932A08464500B60BE4 /* StatisticsView.swift in Sources */ = {isa = PBXBuildFile; fileRef = 414A70922A08464500B60BE4 /* StatisticsView.swift */; };
		416635CD2A003A4E00ACE0D3 /* WeatherManager.swift in Sources */ = {isa = PBXBuildFile; fileRef = 416635CC2A003A4E00ACE0D3 /* WeatherManager.swift */; };
/* End PBXBuildFile section */

/* Begin PBXContainerItemProxy section */
		41402F562A0014A400FA5630 /* PBXContainerItemProxy */ = {
			isa = PBXContainerItemProxy;
			containerPortal = 41402F3D2A0014A200FA5630 /* Project object */;
			proxyType = 1;
			remoteGlobalIDString = 41402F442A0014A200FA5630;
			remoteInfo = "pedometer-app";
		};
		41402F602A0014A400FA5630 /* PBXContainerItemProxy */ = {
			isa = PBXContainerItemProxy;
			containerPortal = 41402F3D2A0014A200FA5630 /* Project object */;
			proxyType = 1;
			remoteGlobalIDString = 41402F442A0014A200FA5630;
			remoteInfo = "pedometer-app";
		};
/* End PBXContainerItemProxy section */

/* Begin PBXFileReference section */
		4105F7912A23D4A90044E287 /* ProfileView.swift */ = {isa = PBXFileReference; lastKnownFileType = sourcecode.swift; path = ProfileView.swift; sourceTree = "<group>"; };
		4105F7942A23D60C0044E287 /* UserData.swift */ = {isa = PBXFileReference; lastKnownFileType = sourcecode.swift; path = UserData.swift; sourceTree = "<group>"; };
		4105F7962A23DC470044E287 /* RecordsView.swift */ = {isa = PBXFileReference; lastKnownFileType = sourcecode.swift; path = RecordsView.swift; sourceTree = "<group>"; };
		41402F452A0014A200FA5630 /* pedometer-app.app */ = {isa = PBXFileReference; explicitFileType = wrapper.application; includeInIndex = 0; path = "pedometer-app.app"; sourceTree = BUILT_PRODUCTS_DIR; };
		41402F482A0014A200FA5630 /* pedometer_appApp.swift */ = {isa = PBXFileReference; lastKnownFileType = sourcecode.swift; path = pedometer_appApp.swift; sourceTree = "<group>"; };
		41402F4A2A0014A200FA5630 /* HomepageView.swift */ = {isa = PBXFileReference; lastKnownFileType = sourcecode.swift; path = HomepageView.swift; sourceTree = "<group>"; };
		41402F4C2A0014A400FA5630 /* Assets.xcassets */ = {isa = PBXFileReference; lastKnownFileType = folder.assetcatalog; path = Assets.xcassets; sourceTree = "<group>"; };
		41402F4F2A0014A400FA5630 /* Preview Assets.xcassets */ = {isa = PBXFileReference; lastKnownFileType = folder.assetcatalog; path = "Preview Assets.xcassets"; sourceTree = "<group>"; };
		41402F552A0014A400FA5630 /* pedometer-appTests.xctest */ = {isa = PBXFileReference; explicitFileType = wrapper.cfbundle; includeInIndex = 0; path = "pedometer-appTests.xctest"; sourceTree = BUILT_PRODUCTS_DIR; };
		41402F592A0014A400FA5630 /* pedometer_appTests.swift */ = {isa = PBXFileReference; lastKnownFileType = sourcecode.swift; path = pedometer_appTests.swift; sourceTree = "<group>"; };
		41402F5F2A0014A400FA5630 /* pedometer-appUITests.xctest */ = {isa = PBXFileReference; explicitFileType = wrapper.cfbundle; includeInIndex = 0; path = "pedometer-appUITests.xctest"; sourceTree = BUILT_PRODUCTS_DIR; };
		41402F632A0014A400FA5630 /* pedometer_appUITests.swift */ = {isa = PBXFileReference; lastKnownFileType = sourcecode.swift; path = pedometer_appUITests.swift; sourceTree = "<group>"; };
		41402F652A0014A400FA5630 /* pedometer_appUITestsLaunchTests.swift */ = {isa = PBXFileReference; lastKnownFileType = sourcecode.swift; path = pedometer_appUITestsLaunchTests.swift; sourceTree = "<group>"; };
		41402F7B2A00380600FA5630 /* LocationManager.swift */ = {isa = PBXFileReference; lastKnownFileType = sourcecode.swift; path = LocationManager.swift; sourceTree = "<group>"; };
		414A708C2A08349000B60BE4 /* DistanceView.swift */ = {isa = PBXFileReference; lastKnownFileType = sourcecode.swift; path = DistanceView.swift; sourceTree = "<group>"; };
		414A708E2A08390600B60BE4 /* ContentView.swift */ = {isa = PBXFileReference; lastKnownFileType = sourcecode.swift; path = ContentView.swift; sourceTree = "<group>"; };
		414A70902A083A8100B60BE4 /* AppData.swift */ = {isa = PBXFileReference; lastKnownFileType = sourcecode.swift; path = AppData.swift; sourceTree = "<group>"; };
		414A70922A08464500B60BE4 /* StatisticsView.swift */ = {isa = PBXFileReference; lastKnownFileType = sourcecode.swift; path = StatisticsView.swift; sourceTree = "<group>"; };
		416635CC2A003A4E00ACE0D3 /* WeatherManager.swift */ = {isa = PBXFileReference; lastKnownFileType = sourcecode.swift; path = WeatherManager.swift; sourceTree = "<group>"; };
/* End PBXFileReference section */

/* Begin PBXFrameworksBuildPhase section */
		41402F422A0014A200FA5630 /* Frameworks */ = {
			isa = PBXFrameworksBuildPhase;
			buildActionMask = 2147483647;
			files = (
			);
			runOnlyForDeploymentPostprocessing = 0;
		};
		41402F522A0014A400FA5630 /* Frameworks */ = {
			isa = PBXFrameworksBuildPhase;
			buildActionMask = 2147483647;
			files = (
			);
			runOnlyForDeploymentPostprocessing = 0;
		};
		41402F5C2A0014A400FA5630 /* Frameworks */ = {
			isa = PBXFrameworksBuildPhase;
			buildActionMask = 2147483647;
			files = (
			);
			runOnlyForDeploymentPostprocessing = 0;
		};
/* End PBXFrameworksBuildPhase section */

/* Begin PBXGroup section */
		4105F7932A23D5FA0044E287 /* profile */ = {
			isa = PBXGroup;
			children = (
				4105F7942A23D60C0044E287 /* UserData.swift */,
			);
			path = profile;
			sourceTree = "<group>";
		};
		41402F3C2A0014A200FA5630 = {
			isa = PBXGroup;
			children = (
				41402F472A0014A200FA5630 /* pedometer-app */,
				41402F582A0014A400FA5630 /* pedometer-appTests */,
				41402F622A0014A400FA5630 /* pedometer-appUITests */,
				41402F462A0014A200FA5630 /* Products */,
			);
			sourceTree = "<group>";
		};
		41402F462A0014A200FA5630 /* Products */ = {
			isa = PBXGroup;
			children = (
				41402F452A0014A200FA5630 /* pedometer-app.app */,
				41402F552A0014A400FA5630 /* pedometer-appTests.xctest */,
				41402F5F2A0014A400FA5630 /* pedometer-appUITests.xctest */,
			);
			name = Products;
			sourceTree = "<group>";
		};
		41402F472A0014A200FA5630 /* pedometer-app */ = {
			isa = PBXGroup;
			children = (
				4105F7932A23D5FA0044E287 /* profile */,
				416635CB2A003A3900ACE0D3 /* view */,
				416635CA2A003A2800ACE0D3 /* location */,
				416635C92A003A1A00ACE0D3 /* weather */,
				41402F482A0014A200FA5630 /* pedometer_appApp.swift */,
				41402F4C2A0014A400FA5630 /* Assets.xcassets */,
				41402F4E2A0014A400FA5630 /* Preview Content */,
			);
			path = "pedometer-app";
			sourceTree = "<group>";
		};
		41402F4E2A0014A400FA5630 /* Preview Content */ = {
			isa = PBXGroup;
			children = (
				41402F4F2A0014A400FA5630 /* Preview Assets.xcassets */,
			);
			path = "Preview Content";
			sourceTree = "<group>";
		};
		41402F582A0014A400FA5630 /* pedometer-appTests */ = {
			isa = PBXGroup;
			children = (
				41402F592A0014A400FA5630 /* pedometer_appTests.swift */,
			);
			path = "pedometer-appTests";
			sourceTree = "<group>";
		};
		41402F622A0014A400FA5630 /* pedometer-appUITests */ = {
			isa = PBXGroup;
			children = (
				41402F632A0014A400FA5630 /* pedometer_appUITests.swift */,
				41402F652A0014A400FA5630 /* pedometer_appUITestsLaunchTests.swift */,
			);
			path = "pedometer-appUITests";
			sourceTree = "<group>";
		};
		416635C92A003A1A00ACE0D3 /* weather */ = {
			isa = PBXGroup;
			children = (
				416635CC2A003A4E00ACE0D3 /* WeatherManager.swift */,
			);
			path = weather;
			sourceTree = "<group>";
		};
		416635CA2A003A2800ACE0D3 /* location */ = {
			isa = PBXGroup;
			children = (
				41402F7B2A00380600FA5630 /* LocationManager.swift */,
				414A70902A083A8100B60BE4 /* AppData.swift */,
			);
			path = location;
			sourceTree = "<group>";
		};
		416635CB2A003A3900ACE0D3 /* view */ = {
			isa = PBXGroup;
			children = (
				41402F4A2A0014A200FA5630 /* HomepageView.swift */,
				414A708C2A08349000B60BE4 /* DistanceView.swift */,
				414A708E2A08390600B60BE4 /* ContentView.swift */,
				414A70922A08464500B60BE4 /* StatisticsView.swift */,
				4105F7912A23D4A90044E287 /* ProfileView.swift */,
				4105F7962A23DC470044E287 /* RecordsView.swift */,
			);
			path = view;
			sourceTree = "<group>";
		};
/* End PBXGroup section */

/* Begin PBXNativeTarget section */
		41402F442A0014A200FA5630 /* pedometer-app */ = {
			isa = PBXNativeTarget;
			buildConfigurationList = 41402F692A0014A400FA5630 /* Build configuration list for PBXNativeTarget "pedometer-app" */;
			buildPhases = (
				41402F412A0014A200FA5630 /* Sources */,
				41402F422A0014A200FA5630 /* Frameworks */,
				41402F432A0014A200FA5630 /* Resources */,
			);
			buildRules = (
			);
			dependencies = (
			);
			name = "pedometer-app";
			productName = "pedometer-app";
			productReference = 41402F452A0014A200FA5630 /* pedometer-app.app */;
			productType = "com.apple.product-type.application";
		};
		41402F542A0014A400FA5630 /* pedometer-appTests */ = {
			isa = PBXNativeTarget;
			buildConfigurationList = 41402F6C2A0014A400FA5630 /* Build configuration list for PBXNativeTarget "pedometer-appTests" */;
			buildPhases = (
				41402F512A0014A400FA5630 /* Sources */,
				41402F522A0014A400FA5630 /* Frameworks */,
				41402F532A0014A400FA5630 /* Resources */,
			);
			buildRules = (
			);
			dependencies = (
				41402F572A0014A400FA5630 /* PBXTargetDependency */,
			);
			name = "pedometer-appTests";
			productName = "pedometer-appTests";
			productReference = 41402F552A0014A400FA5630 /* pedometer-appTests.xctest */;
			productType = "com.apple.product-type.bundle.unit-test";
		};
		41402F5E2A0014A400FA5630 /* pedometer-appUITests */ = {
			isa = PBXNativeTarget;
			buildConfigurationList = 41402F6F2A0014A400FA5630 /* Build configuration list for PBXNativeTarget "pedometer-appUITests" */;
			buildPhases = (
				41402F5B2A0014A400FA5630 /* Sources */,
				41402F5C2A0014A400FA5630 /* Frameworks */,
				41402F5D2A0014A400FA5630 /* Resources */,
			);
			buildRules = (
			);
			dependencies = (
				41402F612A0014A400FA5630 /* PBXTargetDependency */,
			);
			name = "pedometer-appUITests";
			productName = "pedometer-appUITests";
			productReference = 41402F5F2A0014A400FA5630 /* pedometer-appUITests.xctest */;
			productType = "com.apple.product-type.bundle.ui-testing";
		};
/* End PBXNativeTarget section */

/* Begin PBXProject section */
		41402F3D2A0014A200FA5630 /* Project object */ = {
			isa = PBXProject;
			attributes = {
				BuildIndependentTargetsInParallel = 1;
				LastSwiftUpdateCheck = 1430;
				LastUpgradeCheck = 1430;
				TargetAttributes = {
					41402F442A0014A200FA5630 = {
						CreatedOnToolsVersion = 14.3;
					};
					41402F542A0014A400FA5630 = {
						CreatedOnToolsVersion = 14.3;
						TestTargetID = 41402F442A0014A200FA5630;
					};
					41402F5E2A0014A400FA5630 = {
						CreatedOnToolsVersion = 14.3;
						TestTargetID = 41402F442A0014A200FA5630;
					};
				};
			};
			buildConfigurationList = 41402F402A0014A200FA5630 /* Build configuration list for PBXProject "pedometer-app" */;
			compatibilityVersion = "Xcode 14.0";
			developmentRegion = en;
			hasScannedForEncodings = 0;
			knownRegions = (
				en,
				Base,
			);
			mainGroup = 41402F3C2A0014A200FA5630;
			productRefGroup = 41402F462A0014A200FA5630 /* Products */;
			projectDirPath = "";
			projectRoot = "";
			targets = (
				41402F442A0014A200FA5630 /* pedometer-app */,
				41402F542A0014A400FA5630 /* pedometer-appTests */,
				41402F5E2A0014A400FA5630 /* pedometer-appUITests */,
			);
		};
/* End PBXProject section */

/* Begin PBXResourcesBuildPhase section */
		41402F432A0014A200FA5630 /* Resources */ = {
			isa = PBXResourcesBuildPhase;
			buildActionMask = 2147483647;
			files = (
				41402F502A0014A400FA5630 /* Preview Assets.xcassets in Resources */,
				41402F4D2A0014A400FA5630 /* Assets.xcassets in Resources */,
			);
			runOnlyForDeploymentPostprocessing = 0;
		};
		41402F532A0014A400FA5630 /* Resources */ = {
			isa = PBXResourcesBuildPhase;
			buildActionMask = 2147483647;
			files = (
			);
			runOnlyForDeploymentPostprocessing = 0;
		};
		41402F5D2A0014A400FA5630 /* Resources */ = {
			isa = PBXResourcesBuildPhase;
			buildActionMask = 2147483647;
			files = (
			);
			runOnlyForDeploymentPostprocessing = 0;
		};
/* End PBXResourcesBuildPhase section */

/* Begin PBXSourcesBuildPhase section */
		41402F412A0014A200FA5630 /* Sources */ = {
			isa = PBXSourcesBuildPhase;
			buildActionMask = 2147483647;
			files = (
				41402F4B2A0014A200FA5630 /* HomepageView.swift in Sources */,
				4105F7922A23D4A90044E287 /* ProfileView.swift in Sources */,
				4105F7972A23DC470044E287 /* RecordsView.swift in Sources */,
				414A708D2A08349000B60BE4 /* DistanceView.swift in Sources */,
				414A708F2A08390600B60BE4 /* ContentView.swift in Sources */,
				41402F492A0014A200FA5630 /* pedometer_appApp.swift in Sources */,
				416635CD2A003A4E00ACE0D3 /* WeatherManager.swift in Sources */,
				414A70932A08464500B60BE4 /* StatisticsView.swift in Sources */,
				41402F7C2A00380600FA5630 /* LocationManager.swift in Sources */,
				4105F7952A23D60C0044E287 /* UserData.swift in Sources */,
				414A70912A083A8100B60BE4 /* AppData.swift in Sources */,
			);
			runOnlyForDeploymentPostprocessing = 0;
		};
		41402F512A0014A400FA5630 /* Sources */ = {
			isa = PBXSourcesBuildPhase;
			buildActionMask = 2147483647;
			files = (
				41402F5A2A0014A400FA5630 /* pedometer_appTests.swift in Sources */,
			);
			runOnlyForDeploymentPostprocessing = 0;
		};
		41402F5B2A0014A400FA5630 /* Sources */ = {
			isa = PBXSourcesBuildPhase;
			buildActionMask = 2147483647;
			files = (
				41402F662A0014A400FA5630 /* pedometer_appUITestsLaunchTests.swift in Sources */,
				41402F642A0014A400FA5630 /* pedometer_appUITests.swift in Sources */,
			);
			runOnlyForDeploymentPostprocessing = 0;
		};
/* End PBXSourcesBuildPhase section */

/* Begin PBXTargetDependency section */
		41402F572A0014A400FA5630 /* PBXTargetDependency */ = {
			isa = PBXTargetDependency;
			target = 41402F442A0014A200FA5630 /* pedometer-app */;
			targetProxy = 41402F562A0014A400FA5630 /* PBXContainerItemProxy */;
		};
		41402F612A0014A400FA5630 /* PBXTargetDependency */ = {
			isa = PBXTargetDependency;
			target = 41402F442A0014A200FA5630 /* pedometer-app */;
			targetProxy = 41402F602A0014A400FA5630 /* PBXContainerItemProxy */;
		};
/* End PBXTargetDependency section */

/* Begin XCBuildConfiguration section */
		41402F672A0014A400FA5630 /* Debug */ = {
			isa = XCBuildConfiguration;
			buildSettings = {
				ALWAYS_SEARCH_USER_PATHS = NO;
				CLANG_ANALYZER_NONNULL = YES;
				CLANG_ANALYZER_NUMBER_OBJECT_CONVERSION = YES_AGGRESSIVE;
				CLANG_CXX_LANGUAGE_STANDARD = "gnu++20";
				CLANG_ENABLE_MODULES = YES;
				CLANG_ENABLE_OBJC_ARC = YES;
				CLANG_ENABLE_OBJC_WEAK = YES;
				CLANG_WARN_BLOCK_CAPTURE_AUTORELEASING = YES;
				CLANG_WARN_BOOL_CONVERSION = YES;
				CLANG_WARN_COMMA = YES;
				CLANG_WARN_CONSTANT_CONVERSION = YES;
				CLANG_WARN_DEPRECATED_OBJC_IMPLEMENTATIONS = YES;
				CLANG_WARN_DIRECT_OBJC_ISA_USAGE = YES_ERROR;
				CLANG_WARN_DOCUMENTATION_COMMENTS = YES;
				CLANG_WARN_EMPTY_BODY = YES;
				CLANG_WARN_ENUM_CONVERSION = YES;
				CLANG_WARN_INFINITE_RECURSION = YES;
				CLANG_WARN_INT_CONVERSION = YES;
				CLANG_WARN_NON_LITERAL_NULL_CONVERSION = YES;
				CLANG_WARN_OBJC_IMPLICIT_RETAIN_SELF = YES;
				CLANG_WARN_OBJC_LITERAL_CONVERSION = YES;
				CLANG_WARN_OBJC_ROOT_CLASS = YES_ERROR;
				CLANG_WARN_QUOTED_INCLUDE_IN_FRAMEWORK_HEADER = YES;
				CLANG_WARN_RANGE_LOOP_ANALYSIS = YES;
				CLANG_WARN_STRICT_PROTOTYPES = YES;
				CLANG_WARN_SUSPICIOUS_MOVE = YES;
				CLANG_WARN_UNGUARDED_AVAILABILITY = YES_AGGRESSIVE;
				CLANG_WARN_UNREACHABLE_CODE = YES;
				CLANG_WARN__DUPLICATE_METHOD_MATCH = YES;
				COPY_PHASE_STRIP = NO;
				DEBUG_INFORMATION_FORMAT = dwarf;
				ENABLE_STRICT_OBJC_MSGSEND = YES;
				ENABLE_TESTABILITY = YES;
				GCC_C_LANGUAGE_STANDARD = gnu11;
				GCC_DYNAMIC_NO_PIC = NO;
				GCC_NO_COMMON_BLOCKS = YES;
				GCC_OPTIMIZATION_LEVEL = 0;
				GCC_PREPROCESSOR_DEFINITIONS = (
					"DEBUG=1",
					"$(inherited)",
				);
				GCC_WARN_64_TO_32_BIT_CONVERSION = YES;
				GCC_WARN_ABOUT_RETURN_TYPE = YES_ERROR;
				GCC_WARN_UNDECLARED_SELECTOR = YES;
				GCC_WARN_UNINITIALIZED_AUTOS = YES_AGGRESSIVE;
				GCC_WARN_UNUSED_FUNCTION = YES;
				GCC_WARN_UNUSED_VARIABLE = YES;
				IPHONEOS_DEPLOYMENT_TARGET = 16.4;
				MTL_ENABLE_DEBUG_INFO = INCLUDE_SOURCE;
				MTL_FAST_MATH = YES;
				ONLY_ACTIVE_ARCH = YES;
				SDKROOT = iphoneos;
				SWIFT_ACTIVE_COMPILATION_CONDITIONS = DEBUG;
				SWIFT_OPTIMIZATION_LEVEL = "-Onone";
			};
			name = Debug;
		};
		41402F682A0014A400FA5630 /* Release */ = {
			isa = XCBuildConfiguration;
			buildSettings = {
				ALWAYS_SEARCH_USER_PATHS = NO;
				CLANG_ANALYZER_NONNULL = YES;
				CLANG_ANALYZER_NUMBER_OBJECT_CONVERSION = YES_AGGRESSIVE;
				CLANG_CXX_LANGUAGE_STANDARD = "gnu++20";
				CLANG_ENABLE_MODULES = YES;
				CLANG_ENABLE_OBJC_ARC = YES;
				CLANG_ENABLE_OBJC_WEAK = YES;
				CLANG_WARN_BLOCK_CAPTURE_AUTORELEASING = YES;
				CLANG_WARN_BOOL_CONVERSION = YES;
				CLANG_WARN_COMMA = YES;
				CLANG_WARN_CONSTANT_CONVERSION = YES;
				CLANG_WARN_DEPRECATED_OBJC_IMPLEMENTATIONS = YES;
				CLANG_WARN_DIRECT_OBJC_ISA_USAGE = YES_ERROR;
				CLANG_WARN_DOCUMENTATION_COMMENTS = YES;
				CLANG_WARN_EMPTY_BODY = YES;
				CLANG_WARN_ENUM_CONVERSION = YES;
				CLANG_WARN_INFINITE_RECURSION = YES;
				CLANG_WARN_INT_CONVERSION = YES;
				CLANG_WARN_NON_LITERAL_NULL_CONVERSION = YES;
				CLANG_WARN_OBJC_IMPLICIT_RETAIN_SELF = YES;
				CLANG_WARN_OBJC_LITERAL_CONVERSION = YES;
				CLANG_WARN_OBJC_ROOT_CLASS = YES_ERROR;
				CLANG_WARN_QUOTED_INCLUDE_IN_FRAMEWORK_HEADER = YES;
				CLANG_WARN_RANGE_LOOP_ANALYSIS = YES;
				CLANG_WARN_STRICT_PROTOTYPES = YES;
				CLANG_WARN_SUSPICIOUS_MOVE = YES;
				CLANG_WARN_UNGUARDED_AVAILABILITY = YES_AGGRESSIVE;
				CLANG_WARN_UNREACHABLE_CODE = YES;
				CLANG_WARN__DUPLICATE_METHOD_MATCH = YES;
				COPY_PHASE_STRIP = NO;
				DEBUG_INFORMATION_FORMAT = "dwarf-with-dsym";
				ENABLE_NS_ASSERTIONS = NO;
				ENABLE_STRICT_OBJC_MSGSEND = YES;
				GCC_C_LANGUAGE_STANDARD = gnu11;
				GCC_NO_COMMON_BLOCKS = YES;
				GCC_WARN_64_TO_32_BIT_CONVERSION = YES;
				GCC_WARN_ABOUT_RETURN_TYPE = YES_ERROR;
				GCC_WARN_UNDECLARED_SELECTOR = YES;
				GCC_WARN_UNINITIALIZED_AUTOS = YES_AGGRESSIVE;
				GCC_WARN_UNUSED_FUNCTION = YES;
				GCC_WARN_UNUSED_VARIABLE = YES;
				IPHONEOS_DEPLOYMENT_TARGET = 16.4;
				MTL_ENABLE_DEBUG_INFO = NO;
				MTL_FAST_MATH = YES;
				SDKROOT = iphoneos;
				SWIFT_COMPILATION_MODE = wholemodule;
				SWIFT_OPTIMIZATION_LEVEL = "-O";
				VALIDATE_PRODUCT = YES;
			};
			name = Release;
		};
		41402F6A2A0014A400FA5630 /* Debug */ = {
			isa = XCBuildConfiguration;
			buildSettings = {
				ASSETCATALOG_COMPILER_APPICON_NAME = AppIcon;
				ASSETCATALOG_COMPILER_GLOBAL_ACCENT_COLOR_NAME = AccentColor;
				CODE_SIGN_STYLE = Automatic;
				CURRENT_PROJECT_VERSION = 1;
				DEVELOPMENT_ASSET_PATHS = "\"pedometer-app/Preview Content\"";
				ENABLE_PREVIEWS = YES;
				GENERATE_INFOPLIST_FILE = YES;
				INFOPLIST_KEY_NSLocationWhenInUseUsageDescription = "Tato aplikace používá polohové služby, aby mohla zobrazit vaši aktuální polohu na mapě";
				INFOPLIST_KEY_UIApplicationSceneManifest_Generation = YES;
				INFOPLIST_KEY_UIApplicationSupportsIndirectInputEvents = YES;
				INFOPLIST_KEY_UILaunchScreen_Generation = YES;
				INFOPLIST_KEY_UISupportedInterfaceOrientations_iPad = "UIInterfaceOrientationPortrait UIInterfaceOrientationPortraitUpsideDown UIInterfaceOrientationLandscapeLeft UIInterfaceOrientationLandscapeRight";
				INFOPLIST_KEY_UISupportedInterfaceOrientations_iPhone = "UIInterfaceOrientationPortrait UIInterfaceOrientationLandscapeLeft UIInterfaceOrientationLandscapeRight";
				LD_RUNPATH_SEARCH_PATHS = (
					"$(inherited)",
					"@executable_path/Frameworks",
				);
				MARKETING_VERSION = 1.0;
				PRODUCT_BUNDLE_IDENTIFIER = "cz.uhk.fim.pedometer-app";
				PRODUCT_NAME = "$(TARGET_NAME)";
				SWIFT_EMIT_LOC_STRINGS = YES;
				SWIFT_VERSION = 5.0;
				TARGETED_DEVICE_FAMILY = "1,2";
			};
			name = Debug;
		};
		41402F6B2A0014A400FA5630 /* Release */ = {
			isa = XCBuildConfiguration;
			buildSettings = {
				ASSETCATALOG_COMPILER_APPICON_NAME = AppIcon;
				ASSETCATALOG_COMPILER_GLOBAL_ACCENT_COLOR_NAME = AccentColor;
				CODE_SIGN_STYLE = Automatic;
				CURRENT_PROJECT_VERSION = 1;
				DEVELOPMENT_ASSET_PATHS = "\"pedometer-app/Preview Content\"";
				ENABLE_PREVIEWS = YES;
				GENERATE_INFOPLIST_FILE = YES;
				INFOPLIST_KEY_NSLocationWhenInUseUsageDescription = "Tato aplikace používá polohové služby, aby mohla zobrazit vaši aktuální polohu na mapě";
				INFOPLIST_KEY_UIApplicationSceneManifest_Generation = YES;
				INFOPLIST_KEY_UIApplicationSupportsIndirectInputEvents = YES;
				INFOPLIST_KEY_UILaunchScreen_Generation = YES;
				INFOPLIST_KEY_UISupportedInterfaceOrientations_iPad = "UIInterfaceOrientationPortrait UIInterfaceOrientationPortraitUpsideDown UIInterfaceOrientationLandscapeLeft UIInterfaceOrientationLandscapeRight";
				INFOPLIST_KEY_UISupportedInterfaceOrientations_iPhone = "UIInterfaceOrientationPortrait UIInterfaceOrientationLandscapeLeft UIInterfaceOrientationLandscapeRight";
				LD_RUNPATH_SEARCH_PATHS = (
					"$(inherited)",
					"@executable_path/Frameworks",
				);
				MARKETING_VERSION = 1.0;
				PRODUCT_BUNDLE_IDENTIFIER = "cz.uhk.fim.pedometer-app";
				PRODUCT_NAME = "$(TARGET_NAME)";
				SWIFT_EMIT_LOC_STRINGS = YES;
				SWIFT_VERSION = 5.0;
				TARGETED_DEVICE_FAMILY = "1,2";
			};
			name = Release;
		};
		41402F6D2A0014A400FA5630 /* Debug */ = {
			isa = XCBuildConfiguration;
			buildSettings = {
				ALWAYS_EMBED_SWIFT_STANDARD_LIBRARIES = YES;
				BUNDLE_LOADER = "$(TEST_HOST)";
				CODE_SIGN_STYLE = Automatic;
				CURRENT_PROJECT_VERSION = 1;
				GENERATE_INFOPLIST_FILE = YES;
				IPHONEOS_DEPLOYMENT_TARGET = 16.4;
				MARKETING_VERSION = 1.0;
				PRODUCT_BUNDLE_IDENTIFIER = "cz.uhk.fim.pedometer-appTests";
				PRODUCT_NAME = "$(TARGET_NAME)";
				SWIFT_EMIT_LOC_STRINGS = NO;
				SWIFT_VERSION = 5.0;
				TARGETED_DEVICE_FAMILY = "1,2";
				TEST_HOST = "$(BUILT_PRODUCTS_DIR)/pedometer-app.app/$(BUNDLE_EXECUTABLE_FOLDER_PATH)/pedometer-app";
			};
			name = Debug;
		};
		41402F6E2A0014A400FA5630 /* Release */ = {
			isa = XCBuildConfiguration;
			buildSettings = {
				ALWAYS_EMBED_SWIFT_STANDARD_LIBRARIES = YES;
				BUNDLE_LOADER = "$(TEST_HOST)";
				CODE_SIGN_STYLE = Automatic;
				CURRENT_PROJECT_VERSION = 1;
				GENERATE_INFOPLIST_FILE = YES;
				IPHONEOS_DEPLOYMENT_TARGET = 16.4;
				MARKETING_VERSION = 1.0;
				PRODUCT_BUNDLE_IDENTIFIER = "cz.uhk.fim.pedometer-appTests";
				PRODUCT_NAME = "$(TARGET_NAME)";
				SWIFT_EMIT_LOC_STRINGS = NO;
				SWIFT_VERSION = 5.0;
				TARGETED_DEVICE_FAMILY = "1,2";
				TEST_HOST = "$(BUILT_PRODUCTS_DIR)/pedometer-app.app/$(BUNDLE_EXECUTABLE_FOLDER_PATH)/pedometer-app";
			};
			name = Release;
		};
		41402F702A0014A400FA5630 /* Debug */ = {
			isa = XCBuildConfiguration;
			buildSettings = {
				ALWAYS_EMBED_SWIFT_STANDARD_LIBRARIES = YES;
				CODE_SIGN_STYLE = Automatic;
				CURRENT_PROJECT_VERSION = 1;
				GENERATE_INFOPLIST_FILE = YES;
				MARKETING_VERSION = 1.0;
				PRODUCT_BUNDLE_IDENTIFIER = "cz.uhk.fim.pedometer-appUITests";
				PRODUCT_NAME = "$(TARGET_NAME)";
				SWIFT_EMIT_LOC_STRINGS = NO;
				SWIFT_VERSION = 5.0;
				TARGETED_DEVICE_FAMILY = "1,2";
				TEST_TARGET_NAME = "pedometer-app";
			};
			name = Debug;
		};
		41402F712A0014A400FA5630 /* Release */ = {
			isa = XCBuildConfiguration;
			buildSettings = {
				ALWAYS_EMBED_SWIFT_STANDARD_LIBRARIES = YES;
				CODE_SIGN_STYLE = Automatic;
				CURRENT_PROJECT_VERSION = 1;
				GENERATE_INFOPLIST_FILE = YES;
				MARKETING_VERSION = 1.0;
				PRODUCT_BUNDLE_IDENTIFIER = "cz.uhk.fim.pedometer-appUITests";
				PRODUCT_NAME = "$(TARGET_NAME)";
				SWIFT_EMIT_LOC_STRINGS = NO;
				SWIFT_VERSION = 5.0;
				TARGETED_DEVICE_FAMILY = "1,2";
				TEST_TARGET_NAME = "pedometer-app";
			};
			name = Release;
		};
/* End XCBuildConfiguration section */

/* Begin XCConfigurationList section */
		41402F402A0014A200FA5630 /* Build configuration list for PBXProject "pedometer-app" */ = {
			isa = XCConfigurationList;
			buildConfigurations = (
				41402F672A0014A400FA5630 /* Debug */,
				41402F682A0014A400FA5630 /* Release */,
			);
			defaultConfigurationIsVisible = 0;
			defaultConfigurationName = Release;
		};
		41402F692A0014A400FA5630 /* Build configuration list for PBXNativeTarget "pedometer-app" */ = {
			isa = XCConfigurationList;
			buildConfigurations = (
				41402F6A2A0014A400FA5630 /* Debug */,
				41402F6B2A0014A400FA5630 /* Release */,
			);
			defaultConfigurationIsVisible = 0;
			defaultConfigurationName = Release;
		};
		41402F6C2A0014A400FA5630 /* Build configuration list for PBXNativeTarget "pedometer-appTests" */ = {
			isa = XCConfigurationList;
			buildConfigurations = (
				41402F6D2A0014A400FA5630 /* Debug */,
				41402F6E2A0014A400FA5630 /* Release */,
			);
			defaultConfigurationIsVisible = 0;
			defaultConfigurationName = Release;
		};
		41402F6F2A0014A400FA5630 /* Build configuration list for PBXNativeTarget "pedometer-appUITests" */ = {
			isa = XCConfigurationList;
			buildConfigurations = (
				41402F702A0014A400FA5630 /* Debug */,
				41402F712A0014A400FA5630 /* Release */,
			);
			defaultConfigurationIsVisible = 0;
			defaultConfigurationName = Release;
		};
/* End XCConfigurationList section */
	};
	rootObject = 41402F3D2A0014A200FA5630 /* Project object */;
}
